{
    "_readme": [
        "This file locks the dependencies of your project to a known state",
        "Read more about it at http://getcomposer.org/doc/01-basic-usage.md#composer-lock-the-lock-file",
        "This file is @generated automatically"
    ],
    "hash": "ac143e98170e9c7c44ff6c71c9d55bb0",
    "packages": [
        {
            "name": "mashape/unirest-php",
            "version": "2.1.0",
            "source": {
                "type": "git",
                "url": "https://github.com/Mashape/unirest-php.git",
                "reference": "90be29ced49f9f7e9fe257fcabce1a109829653e"
            },
            "dist": {
                "type": "zip",
                "url": "https://api.github.com/repos/Mashape/unirest-php/zipball/90be29ced49f9f7e9fe257fcabce1a109829653e",
                "reference": "90be29ced49f9f7e9fe257fcabce1a109829653e",
                "shasum": ""
            },
            "require": {
                "ext-curl": "*",
                "ext-json": "*",
                "php": ">=5.4.0"
            },
            "require-dev": {
                "codeclimate/php-test-reporter": "0.1.*",
                "phpunit/phpunit": "~4.4"
            },
            "type": "library",
            "autoload": {
                "psr-0": {
                    "Unirest": "src"
                }
            },
            "notification-url": "https://packagist.org/downloads/",
            "license": [
                "MIT"
            ],
            "description": "Unirest PHP",
            "homepage": "https://github.com/Mashape/unirest-php",
            "keywords": [
                "client",
                "curl",
                "http",
                "https",
                "rest"
            ],
            "time": "2015-01-15 06:47:58"
        },
        {
            "name": "vanilla/garden-cli",
            "version": "v1.0.0",
            "source": {
                "type": "git",
                "url": "https://github.com/vanilla/garden-cli.git",
                "reference": "15a79eef181050fc4915c80d0ffff608c8d58dff"
            },
            "dist": {
                "type": "zip",
                "url": "https://api.github.com/repos/vanilla/garden-cli/zipball/15a79eef181050fc4915c80d0ffff608c8d58dff",
                "reference": "15a79eef181050fc4915c80d0ffff608c8d58dff",
                "shasum": ""
            },
            "require": {
                "php": ">=5.4.0"
            },
            "type": "library",
            "autoload": {
                "psr-4": {
                    "Garden\\Cli\\": "src"
                }
            },
            "notification-url": "https://packagist.org/downloads/",
            "license": [
                "MIT"
            ],
            "authors": [
                {
                    "name": "Todd Burry",
                    "email": "todd@vanillaforums.com",
                    "role": "Developer"
                }
            ],
            "description": "A full-featured, yet ridiculously simple commandline parser for your next php cli script. Stop fighting with getopt().",
            "time": "2014-07-10 20:39:26"
        }
    ],
    "packages-dev": [],
    "aliases": [],
    "minimum-stability": "stable",
    "stability-flags": [],
    "prefer-stable": false,
    "prefer-lowest": false,
    "platform": [],
    "platform-dev": []
}
